
Microsoft Visual Studio Solution File, Format Version 11.00
# Visual Studio 2010
Project("{8BC9CEB8-8B4A-11D0-8D11-00A0C91BC942}") = "ArduVideo", "ArduVideo.vcxproj", "{96E079F8-51F7-4D02-9E6C-0099E829BD27}"
EndProject
Global
	GlobalSection(SolutionConfigurationPlatforms) = preSolution
		Debug|Win32 = Debug|Win32
		Release|Win32 = Release|Win32
	EndGlobalSection
	GlobalSection(ProjectConfigurationPlatforms) = postSolution
		{96E079F8-51F7-4D02-9E6C-0099E829BD27}.Debug|Win32.ActiveCfg = Debug|Win32
		{96E079F8-51F7-4D02-9E6C-0099E829BD27}.Debug|Win32.Build.0 = Debug|Win32
		{96E079F8-51F7-4D02-9E6C-0099E829BD27}.Release|Win32.ActiveCfg = Release|Win32
		{96E079F8-51F7-4D02-9E6C-0099E829BD27}.Release|Win32.Build.0 = Release|Win32
	EndGlobalSection
	GlobalSection(SolutionProperties) = preSolution
		HideSolutionNode = FALSE
	EndGlobalSection
EndGlobal
